<?xml version="1.0" encoding="utf-8"?>
<Project ToolsVersion="4.0" xmlns="http://schemas.microsoft.com/developer/msbuild/2003">
  <ItemGroup>
    <Filter Include="include">
      <UniqueIdentifier>{93995380-89BD-4b04-88EB-625FBE52EBFB}</UniqueIdentifier>
      <Extensions>h;hh;hpp;hxx;hm;inl;inc;ipp;xsd</Extensions>
    </Filter>
    <Filter Include="src">
      <UniqueIdentifier>{4FC737F1-C7A5-4376-A066-2A32D752A2FF}</UniqueIdentifier>
      <Extensions>cpp;c;cc;cxx;def;odl;idl;hpj;bat;asm;asmx</Extensions>
    </Filter>
    <Filter Include="docs">
      <UniqueIdentifier>{9c67f70c-e66a-47f2-aca5-0ab125435f89}</UniqueIdentifier>
    </Filter>
  </ItemGroup>
  <ItemGroup>
    <ClCompile Include="src\D-BS\BS_BallCylinderPair.cpp">
      <Filter>src</Filter>
    </ClCompile>
    <ClCompile Include="src\D-BS\BS_BallScrew.cpp">
      <Filter>src</Filter>
    </ClCompile>
    <ClCompile Include="src\D-BS\BS_Cylinder.cpp">
      <Filter>src</Filter>
    </ClCompile>
    <ClCompile Include="src\D-BS\BS_Nut.cpp">
      <Filter>src</Filter>
    </ClCompile>
    <ClCompile Include="src\D-BS\BS_Shaft.cpp">
      <Filter>src</Filter>
    </ClCompile>
    <ClCompile Include="src\D-BS\BS_Tube.cpp">
      <Filter>src</Filter>
    </ClCompile>
    <ClCompile Include="src\D-BS\BS_Spiral.cpp">
      <Filter>src</Filter>
    </ClCompile>
    <ClCompile Include="src\D-BS\BS_Circuit.cpp">
      <Filter>src</Filter>
    </ClCompile>
  </ItemGroup>
  <ItemGroup>
    <ClInclude Include="include\D-BS\BS_BallCylinderPair.h">
      <Filter>include</Filter>
    </ClInclude>
    <ClInclude Include="include\D-BS\BS_BallScrew.h">
      <Filter>include</Filter>
    </ClInclude>
    <ClInclude Include="include\D-BS\BS_Cylinder.h">
      <Filter>include</Filter>
    </ClInclude>
    <ClInclude Include="include\D-BS\BS_In.h">
      <Filter>include</Filter>
    </ClInclude>
    <ClInclude Include="include\D-BS\BS_Nut.h">
      <Filter>include</Filter>
    </ClInclude>
    <ClInclude Include="include\D-BS\BS_Out.h">
      <Filter>include</Filter>
    </ClInclude>
    <ClInclude Include="include\D-BS\BS_Shaft.h">
      <Filter>include</Filter>
    </ClInclude>
    <ClInclude Include="include\D-BS\BS_Tube.h">
      <Filter>include</Filter>
    </ClInclude>
    <ClInclude Include="include\D-BS\BS_Spiral.h">
      <Filter>include</Filter>
    </ClInclude>
    <ClInclude Include="include\D-BS\BS_Circuit.h">
      <Filter>include</Filter>
    </ClInclude>
  </ItemGroup>
  <ItemGroup>
    <None Include="docs\D-BS.cd">
      <Filter>docs</Filter>
    </None>
    <None Include="docs\D-BS_Cylinder.cd">
      <Filter>docs</Filter>
    </None>
    <None Include="docs\D-BS_Nut.cd">
      <Filter>docs</Filter>
    </None>
    <None Include="docs\D-BS_InOut.cd">
      <Filter>docs</Filter>
    </None>
  </ItemGroup>
</Project>