<?xml version="1.0" encoding="utf-8"?>
<Project ToolsVersion="4.0" xmlns="http://schemas.microsoft.com/developer/msbuild/2003">
  <ItemGroup>
    <Filter Include="src">
      <UniqueIdentifier>{1b7c54fb-171e-4837-90c2-97c015bafb67}</UniqueIdentifier>
    </Filter>
  </ItemGroup>
  <ItemGroup>
    <ClCompile Include="src\Mechanics\BallTest.cpp">
      <Filter>src</Filter>
    </ClCompile>
    <ClCompile Include="src\Mechanics\NumericTest.cpp">
      <Filter>src</Filter>
    </ClCompile>
    <ClCompile Include="src\Mechanics\pch.cpp">
      <Filter>src</Filter>
    </ClCompile>
    <ClCompile Include="src\Mechanics\RigidTest.cpp">
      <Filter>src</Filter>
    </ClCompile>
    <ClCompile Include="src\Mechanics\TribologyTest.cpp">
      <Filter>src</Filter>
    </ClCompile>
    <ClCompile Include="src\Mechanics\UnitTest.cpp">
      <Filter>src</Filter>
    </ClCompile>
    <ClCompile Include="src\Mechanics\SpiralTest.cpp">
      <Filter>src</Filter>
    </ClCompile>
  </ItemGroup>
  <ItemGroup>
    <ClInclude Include="src\Mechanics\pch.h">
      <Filter>src</Filter>
    </ClInclude>
  </ItemGroup>
  <ItemGroup>
    <None Include="packages.config" />
  </ItemGroup>
</Project>